
Microsoft Visual Studio Solution File, Format Version 12.00
# Visual Studio Version 17
VisualStudioVersion = 17.0.32014.148
MinimumVisualStudioVersion = 10.0.40219.1
Project("{FAE04EC0-301F-11D3-BF4B-00C04F79EFBC}") = "SaleWPF", "SaleWPF.csproj", "{40782C80-BFAD-4FF3-8D0F-1CF2315A20D2}"
EndProject
Global
	GlobalSection(SolutionConfigurationPlatforms) = preSolution
		Debug|Any CPU = Debug|Any CPU
		Release|Any CPU = Release|Any CPU
	EndGlobalSection
	GlobalSection(ProjectConfigurationPlatforms) = postSolution
		{40782C80-BFAD-4FF3-8D0F-1CF2315A20D2}.Debug|Any CPU.ActiveCfg = Debug|Any CPU
		{40782C80-BFAD-4FF3-8D0F-1CF2315A20D2}.Debug|Any CPU.Build.0 = Debug|Any CPU
		{40782C80-BFAD-4FF3-8D0F-1CF2315A20D2}.Release|Any CPU.ActiveCfg = Release|Any CPU
		{40782C80-BFAD-4FF3-8D0F-1CF2315A20D2}.Release|Any CPU.Build.0 = Release|Any CPU
	EndGlobalSection
	GlobalSection(SolutionProperties) = preSolution
		HideSolutionNode = FALSE
	EndGlobalSection
	GlobalSection(ExtensibilityGlobals) = postSolution
		SolutionGuid = {3A103654-EF93-4A54-8F53-6AEF7A70813B}
	EndGlobalSection
EndGlobal
